
Microsoft Visual Studio Solution File, Format Version 12.00
# Visual Studio Version 16
VisualStudioVersion = 16.0.30907.101
MinimumVisualStudioVersion = 10.0.40219.1
Project("{8BC9CEB8-8B4A-11D0-8D11-00A0C91BC942}") = "vector", "vector.vcxproj", "{FB3265B9-12AD-4BAE-8FA9-95D8AB600699}"
EndProject
Project("{8BC9CEB8-8B4A-11D0-8D11-00A0C91BC942}") = "vector_tests", "..\vector_tests\vector_tests.vcxproj", "{BFC7743C-CDDD-4DC0-9491-ABF2422C12A7}"
EndProject
Global
	GlobalSection(SolutionConfigurationPlatforms) = preSolution
		Debug|x64 = Debug|x64
		Debug|x86 = Debug|x86
		Release|x64 = Release|x64
		Release|x86 = Release|x86
	EndGlobalSection
	GlobalSection(ProjectConfigurationPlatforms) = postSolution
		{FB3265B9-12AD-4BAE-8FA9-95D8AB600699}.Debug|x64.ActiveCfg = Debug|x64
		{FB3265B9-12AD-4BAE-8FA9-95D8AB600699}.Debug|x64.Build.0 = Debug|x64
		{FB3265B9-12AD-4BAE-8FA9-95D8AB600699}.Debug|x86.ActiveCfg = Debug|Win32
		{FB3265B9-12AD-4BAE-8FA9-95D8AB600699}.Debug|x86.Build.0 = Debug|Win32
		{FB3265B9-12AD-4BAE-8FA9-95D8AB600699}.Release|x64.ActiveCfg = Release|x64
		{FB3265B9-12AD-4BAE-8FA9-95D8AB600699}.Release|x64.Build.0 = Release|x64
		{FB3265B9-12AD-4BAE-8FA9-95D8AB600699}.Release|x86.ActiveCfg = Release|Win32
		{FB3265B9-12AD-4BAE-8FA9-95D8AB600699}.Release|x86.Build.0 = Release|Win32
		{BFC7743C-CDDD-4DC0-9491-ABF2422C12A7}.Debug|x64.ActiveCfg = Debug|x64
		{BFC7743C-CDDD-4DC0-9491-ABF2422C12A7}.Debug|x64.Build.0 = Debug|x64
		{BFC7743C-CDDD-4DC0-9491-ABF2422C12A7}.Debug|x86.ActiveCfg = Debug|Win32
		{BFC7743C-CDDD-4DC0-9491-ABF2422C12A7}.Debug|x86.Build.0 = Debug|Win32
		{BFC7743C-CDDD-4DC0-9491-ABF2422C12A7}.Release|x64.ActiveCfg = Release|x64
		{BFC7743C-CDDD-4DC0-9491-ABF2422C12A7}.Release|x64.Build.0 = Release|x64
		{BFC7743C-CDDD-4DC0-9491-ABF2422C12A7}.Release|x86.ActiveCfg = Release|Win32
		{BFC7743C-CDDD-4DC0-9491-ABF2422C12A7}.Release|x86.Build.0 = Release|Win32
	EndGlobalSection
	GlobalSection(SolutionProperties) = preSolution
		HideSolutionNode = FALSE
	EndGlobalSection
	GlobalSection(ExtensibilityGlobals) = postSolution
		SolutionGuid = {6FACA673-0DFE-4204-9C6F-1466C4368BA1}
	EndGlobalSection
EndGlobal
